// !$*UTF8*$!
{
	archiveVersion = 1;
	classes = {
	};
	objectVersion = 50;
	objects = {

/* Begin PBXBuildFile section */
		24938A2A813C922C6E6213D5 /* Pods_CryptoTickerTests.framework in Frameworks */ = {isa = PBXBuildFile; fileRef = 8F102EA0D39E017D36FB2533 /* Pods_CryptoTickerTests.framework */; };
		A28EC36382ACD88CFFCB1D14 /* Pods_CryptoTicker.framework in Frameworks */ = {isa = PBXBuildFile; fileRef = C16734096D38DE48157FD2D9 /* Pods_CryptoTicker.framework */; };
		C903CE5C25D34A33000A8C5D /* CoinController.swift in Sources */ = {isa = PBXBuildFile; fileRef = C903CE5B25D34A33000A8C5D /* CoinController.swift */; };
		C903CE6425D34A41000A8C5D /* CoinViewModel.swift in Sources */ = {isa = PBXBuildFile; fileRef = C903CE6325D34A41000A8C5D /* CoinViewModel.swift */; };
		C91A2D2225D1E8A30047B045 /* ListController.swift in Sources */ = {isa = PBXBuildFile; fileRef = C91A2D2125D1E8A30047B045 /* ListController.swift */; };
		C91A2D2A25D1E8D20047B045 /* ListViewModel.swift in Sources */ = {isa = PBXBuildFile; fileRef = C91A2D2925D1E8D20047B045 /* ListViewModel.swift */; };
		C91A2D3325D1EC190047B045 /* Coin.swift in Sources */ = {isa = PBXBuildFile; fileRef = C91A2D3225D1EC190047B045 /* Coin.swift */; };
		C9CCDF8925D1E6F2004EDF08 /* AppDelegate.swift in Sources */ = {isa = PBXBuildFile; fileRef = C9CCDF8825D1E6F2004EDF08 /* AppDelegate.swift */; };
		C9CCDF8B25D1E6F2004EDF08 /* SceneDelegate.swift in Sources */ = {isa = PBXBuildFile; fileRef = C9CCDF8A25D1E6F2004EDF08 /* SceneDelegate.swift */; };
		C9CCDF9225D1E6F3004EDF08 /* Assets.xcassets in Resources */ = {isa = PBXBuildFile; fileRef = C9CCDF9125D1E6F3004EDF08 /* Assets.xcassets */; };
		C9CCDF9525D1E6F3004EDF08 /* LaunchScreen.storyboard in Resources */ = {isa = PBXBuildFile; fileRef = C9CCDF9325D1E6F3004EDF08 /* LaunchScreen.storyboard */; };
		C9CCDFA025D1E6F3004EDF08 /* CryptoTickerTests.swift in Sources */ = {isa = PBXBuildFile; fileRef = C9CCDF9F25D1E6F3004EDF08 /* CryptoTickerTests.swift */; };
		C9CCDFAB25D1E6F3004EDF08 /* CryptoTickerUITests.swift in Sources */ = {isa = PBXBuildFile; fileRef = C9CCDFAA25D1E6F3004EDF08 /* CryptoTickerUITests.swift */; };
		DC080BD9F6D346B51499C588 /* Pods_CryptoTicker_CryptoTickerUITests.framework in Frameworks */ = {isa = PBXBuildFile; fileRef = CCC62743FAEB0B1DD61662A5 /* Pods_CryptoTicker_CryptoTickerUITests.framework */; };
/* End PBXBuildFile section */

/* Begin PBXContainerItemProxy section */
		C9CCDF9C25D1E6F3004EDF08 /* PBXContainerItemProxy */ = {
			isa = PBXContainerItemProxy;
			containerPortal = C9CCDF7D25D1E6F2004EDF08 /* Project object */;
			proxyType = 1;
			remoteGlobalIDString = C9CCDF8425D1E6F2004EDF08;
			remoteInfo = CryptoTicker;
		};
		C9CCDFA725D1E6F3004EDF08 /* PBXContainerItemProxy */ = {
			isa = PBXContainerItemProxy;
			containerPortal = C9CCDF7D25D1E6F2004EDF08 /* Project object */;
			proxyType = 1;
			remoteGlobalIDString = C9CCDF8425D1E6F2004EDF08;
			remoteInfo = CryptoTicker;
		};
/* End PBXContainerItemProxy section */

/* Begin PBXFileReference section */
		4E3CF3411E9CC3CACC8DF2CC /* Pods-CryptoTicker-CryptoTickerUITests.debug.xcconfig */ = {isa = PBXFileReference; includeInIndex = 1; lastKnownFileType = text.xcconfig; name = "Pods-CryptoTicker-CryptoTickerUITests.debug.xcconfig"; path = "Target Support Files/Pods-CryptoTicker-CryptoTickerUITests/Pods-CryptoTicker-CryptoTickerUITests.debug.xcconfig"; sourceTree = "<group>"; };
		5A8D15284520BDB94205D1DC /* Pods-CryptoTicker.debug.xcconfig */ = {isa = PBXFileReference; includeInIndex = 1; lastKnownFileType = text.xcconfig; name = "Pods-CryptoTicker.debug.xcconfig"; path = "Target Support Files/Pods-CryptoTicker/Pods-CryptoTicker.debug.xcconfig"; sourceTree = "<group>"; };
		5C6716EA15EB0561EFA179D7 /* Pods-CryptoTicker-CryptoTickerUITests.release.xcconfig */ = {isa = PBXFileReference; includeInIndex = 1; lastKnownFileType = text.xcconfig; name = "Pods-CryptoTicker-CryptoTickerUITests.release.xcconfig"; path = "Target Support Files/Pods-CryptoTicker-CryptoTickerUITests/Pods-CryptoTicker-CryptoTickerUITests.release.xcconfig"; sourceTree = "<group>"; };
		8F102EA0D39E017D36FB2533 /* Pods_CryptoTickerTests.framework */ = {isa = PBXFileReference; explicitFileType = wrapper.framework; includeInIndex = 0; path = Pods_CryptoTickerTests.framework; sourceTree = BUILT_PRODUCTS_DIR; };
		BA6EA529B7227B6CCB7D285B /* Pods-CryptoTicker.release.xcconfig */ = {isa = PBXFileReference; includeInIndex = 1; lastKnownFileType = text.xcconfig; name = "Pods-CryptoTicker.release.xcconfig"; path = "Target Support Files/Pods-CryptoTicker/Pods-CryptoTicker.release.xcconfig"; sourceTree = "<group>"; };
		C16734096D38DE48157FD2D9 /* Pods_CryptoTicker.framework */ = {isa = PBXFileReference; explicitFileType = wrapper.framework; includeInIndex = 0; path = Pods_CryptoTicker.framework; sourceTree = BUILT_PRODUCTS_DIR; };
		C903CE5B25D34A33000A8C5D /* CoinController.swift */ = {isa = PBXFileReference; lastKnownFileType = sourcecode.swift; path = CoinController.swift; sourceTree = "<group>"; };
		C903CE6325D34A41000A8C5D /* CoinViewModel.swift */ = {isa = PBXFileReference; lastKnownFileType = sourcecode.swift; path = CoinViewModel.swift; sourceTree = "<group>"; };
		C91A2D2125D1E8A30047B045 /* ListController.swift */ = {isa = PBXFileReference; lastKnownFileType = sourcecode.swift; path = ListController.swift; sourceTree = "<group>"; };
		C91A2D2925D1E8D20047B045 /* ListViewModel.swift */ = {isa = PBXFileReference; lastKnownFileType = sourcecode.swift; path = ListViewModel.swift; sourceTree = "<group>"; };
		C91A2D3225D1EC190047B045 /* Coin.swift */ = {isa = PBXFileReference; lastKnownFileType = sourcecode.swift; path = Coin.swift; sourceTree = "<group>"; };
		C9CCDF8525D1E6F2004EDF08 /* CryptoTicker.app */ = {isa = PBXFileReference; explicitFileType = wrapper.application; includeInIndex = 0; path = CryptoTicker.app; sourceTree = BUILT_PRODUCTS_DIR; };
		C9CCDF8825D1E6F2004EDF08 /* AppDelegate.swift */ = {isa = PBXFileReference; lastKnownFileType = sourcecode.swift; path = AppDelegate.swift; sourceTree = "<group>"; };
		C9CCDF8A25D1E6F2004EDF08 /* SceneDelegate.swift */ = {isa = PBXFileReference; lastKnownFileType = sourcecode.swift; path = SceneDelegate.swift; sourceTree = "<group>"; };
		C9CCDF9125D1E6F3004EDF08 /* Assets.xcassets */ = {isa = PBXFileReference; lastKnownFileType = folder.assetcatalog; path = Assets.xcassets; sourceTree = "<group>"; };
		C9CCDF9425D1E6F3004EDF08 /* Base */ = {isa = PBXFileReference; lastKnownFileType = file.storyboard; name = Base; path = Base.lproj/LaunchScreen.storyboard; sourceTree = "<group>"; };
		C9CCDF9625D1E6F3004EDF08 /* Info.plist */ = {isa = PBXFileReference; lastKnownFileType = text.plist.xml; path = Info.plist; sourceTree = "<group>"; };
		C9CCDF9B25D1E6F3004EDF08 /* CryptoTickerTests.xctest */ = {isa = PBXFileReference; explicitFileType = wrapper.cfbundle; includeInIndex = 0; path = CryptoTickerTests.xctest; sourceTree = BUILT_PRODUCTS_DIR; };
		C9CCDF9F25D1E6F3004EDF08 /* CryptoTickerTests.swift */ = {isa = PBXFileReference; lastKnownFileType = sourcecode.swift; path = CryptoTickerTests.swift; sourceTree = "<group>"; };
		C9CCDFA125D1E6F3004EDF08 /* Info.plist */ = {isa = PBXFileReference; lastKnownFileType = text.plist.xml; path = Info.plist; sourceTree = "<group>"; };
		C9CCDFA625D1E6F3004EDF08 /* CryptoTickerUITests.xctest */ = {isa = PBXFileReference; explicitFileType = wrapper.cfbundle; includeInIndex = 0; path = CryptoTickerUITests.xctest; sourceTree = BUILT_PRODUCTS_DIR; };
		C9CCDFAA25D1E6F3004EDF08 /* CryptoTickerUITests.swift */ = {isa = PBXFileReference; lastKnownFileType = sourcecode.swift; path = CryptoTickerUITests.swift; sourceTree = "<group>"; };
		C9CCDFAC25D1E6F3004EDF08 /* Info.plist */ = {isa = PBXFileReference; lastKnownFileType = text.plist.xml; path = Info.plist; sourceTree = "<group>"; };
		CCC62743FAEB0B1DD61662A5 /* Pods_CryptoTicker_CryptoTickerUITests.framework */ = {isa = PBXFileReference; explicitFileType = wrapper.framework; includeInIndex = 0; path = Pods_CryptoTicker_CryptoTickerUITests.framework; sourceTree = BUILT_PRODUCTS_DIR; };
		CEB43E73702805689B79A269 /* Pods-CryptoTickerTests.debug.xcconfig */ = {isa = PBXFileReference; includeInIndex = 1; lastKnownFileType = text.xcconfig; name = "Pods-CryptoTickerTests.debug.xcconfig"; path = "Target Support Files/Pods-CryptoTickerTests/Pods-CryptoTickerTests.debug.xcconfig"; sourceTree = "<group>"; };
		D4061E8F1FF3B6E9CFB9C048 /* Pods-CryptoTickerTests.release.xcconfig */ = {isa = PBXFileReference; includeInIndex = 1; lastKnownFileType = text.xcconfig; name = "Pods-CryptoTickerTests.release.xcconfig"; path = "Target Support Files/Pods-CryptoTickerTests/Pods-CryptoTickerTests.release.xcconfig"; sourceTree = "<group>"; };
/* End PBXFileReference section */

/* Begin PBXFrameworksBuildPhase section */
		C9CCDF8225D1E6F2004EDF08 /* Frameworks */ = {
			isa = PBXFrameworksBuildPhase;
			buildActionMask = 2147483647;
			files = (
				A28EC36382ACD88CFFCB1D14 /* Pods_CryptoTicker.framework in Frameworks */,
			);
			runOnlyForDeploymentPostprocessing = 0;
		};
		C9CCDF9825D1E6F3004EDF08 /* Frameworks */ = {
			isa = PBXFrameworksBuildPhase;
			buildActionMask = 2147483647;
			files = (
				24938A2A813C922C6E6213D5 /* Pods_CryptoTickerTests.framework in Frameworks */,
			);
			runOnlyForDeploymentPostprocessing = 0;
		};
		C9CCDFA325D1E6F3004EDF08 /* Frameworks */ = {
			isa = PBXFrameworksBuildPhase;
			buildActionMask = 2147483647;
			files = (
				DC080BD9F6D346B51499C588 /* Pods_CryptoTicker_CryptoTickerUITests.framework in Frameworks */,
			);
			runOnlyForDeploymentPostprocessing = 0;
		};
/* End PBXFrameworksBuildPhase section */

/* Begin PBXGroup section */
		96F9413348FA0D5E053ECDBA /* Frameworks */ = {
			isa = PBXGroup;
			children = (
				C16734096D38DE48157FD2D9 /* Pods_CryptoTicker.framework */,
				CCC62743FAEB0B1DD61662A5 /* Pods_CryptoTicker_CryptoTickerUITests.framework */,
				8F102EA0D39E017D36FB2533 /* Pods_CryptoTickerTests.framework */,
			);
			name = Frameworks;
			sourceTree = "<group>";
		};
		C903CE5A25D34A26000A8C5D /* Coin */ = {
			isa = PBXGroup;
			children = (
				C903CE5B25D34A33000A8C5D /* CoinController.swift */,
				C903CE6325D34A41000A8C5D /* CoinViewModel.swift */,
			);
			path = Coin;
			sourceTree = "<group>";
		};
		C91A2D1F25D1E8910047B045 /* UI */ = {
			isa = PBXGroup;
			children = (
				C903CE5A25D34A26000A8C5D /* Coin */,
				C91A2D2025D1E8970047B045 /* List */,
			);
			path = UI;
			sourceTree = "<group>";
		};
		C91A2D2025D1E8970047B045 /* List */ = {
			isa = PBXGroup;
			children = (
				C91A2D2125D1E8A30047B045 /* ListController.swift */,
				C91A2D2925D1E8D20047B045 /* ListViewModel.swift */,
			);
			path = List;
			sourceTree = "<group>";
		};
		C91A2D3125D1EC0E0047B045 /* Models */ = {
			isa = PBXGroup;
			children = (
				C91A2D3225D1EC190047B045 /* Coin.swift */,
			);
			path = Models;
			sourceTree = "<group>";
		};
		C9665EE025D1E75100F8C69E /* Supports */ = {
			isa = PBXGroup;
			children = (
				C9CCDF9625D1E6F3004EDF08 /* Info.plist */,
				C9CCDF8825D1E6F2004EDF08 /* AppDelegate.swift */,
				C9CCDF8A25D1E6F2004EDF08 /* SceneDelegate.swift */,
			);
			path = Supports;
			sourceTree = "<group>";
		};
		C9665EE425D1E75F00F8C69E /* Resources */ = {
			isa = PBXGroup;
			children = (
				C9CCDF9125D1E6F3004EDF08 /* Assets.xcassets */,
				C9CCDF9325D1E6F3004EDF08 /* LaunchScreen.storyboard */,
			);
			path = Resources;
			sourceTree = "<group>";
		};
		C9CCDF7C25D1E6F2004EDF08 = {
			isa = PBXGroup;
			children = (
				C9CCDF8725D1E6F2004EDF08 /* CryptoTicker */,
				C9CCDF9E25D1E6F3004EDF08 /* CryptoTickerTests */,
				C9CCDFA925D1E6F3004EDF08 /* CryptoTickerUITests */,
				C9CCDF8625D1E6F2004EDF08 /* Products */,
				F334AC90D0CF0699528D58DE /* Pods */,
				96F9413348FA0D5E053ECDBA /* Frameworks */,
			);
			sourceTree = "<group>";
		};
		C9CCDF8625D1E6F2004EDF08 /* Products */ = {
			isa = PBXGroup;
			children = (
				C9CCDF8525D1E6F2004EDF08 /* CryptoTicker.app */,
				C9CCDF9B25D1E6F3004EDF08 /* CryptoTickerTests.xctest */,
				C9CCDFA625D1E6F3004EDF08 /* CryptoTickerUITests.xctest */,
			);
			name = Products;
			sourceTree = "<group>";
		};
		C9CCDF8725D1E6F2004EDF08 /* CryptoTicker */ = {
			isa = PBXGroup;
			children = (
				C91A2D3125D1EC0E0047B045 /* Models */,
				C9665EE425D1E75F00F8C69E /* Resources */,
				C9665EE025D1E75100F8C69E /* Supports */,
				C91A2D1F25D1E8910047B045 /* UI */,
			);
			path = CryptoTicker;
			sourceTree = "<group>";
		};
		C9CCDF9E25D1E6F3004EDF08 /* CryptoTickerTests */ = {
			isa = PBXGroup;
			children = (
				C9CCDF9F25D1E6F3004EDF08 /* CryptoTickerTests.swift */,
				C9CCDFA125D1E6F3004EDF08 /* Info.plist */,
			);
			path = CryptoTickerTests;
			sourceTree = "<group>";
		};
		C9CCDFA925D1E6F3004EDF08 /* CryptoTickerUITests */ = {
			isa = PBXGroup;
			children = (
				C9CCDFAA25D1E6F3004EDF08 /* CryptoTickerUITests.swift */,
				C9CCDFAC25D1E6F3004EDF08 /* Info.plist */,
			);
			path = CryptoTickerUITests;
			sourceTree = "<group>";
		};
		F334AC90D0CF0699528D58DE /* Pods */ = {
			isa = PBXGroup;
			children = (
				5A8D15284520BDB94205D1DC /* Pods-CryptoTicker.debug.xcconfig */,
				BA6EA529B7227B6CCB7D285B /* Pods-CryptoTicker.release.xcconfig */,
				4E3CF3411E9CC3CACC8DF2CC /* Pods-CryptoTicker-CryptoTickerUITests.debug.xcconfig */,
				5C6716EA15EB0561EFA179D7 /* Pods-CryptoTicker-CryptoTickerUITests.release.xcconfig */,
				CEB43E73702805689B79A269 /* Pods-CryptoTickerTests.debug.xcconfig */,
				D4061E8F1FF3B6E9CFB9C048 /* Pods-CryptoTickerTests.release.xcconfig */,
			);
			path = Pods;
			sourceTree = "<group>";
		};
/* End PBXGroup section */

/* Begin PBXNativeTarget section */
		C9CCDF8425D1E6F2004EDF08 /* CryptoTicker */ = {
			isa = PBXNativeTarget;
			buildConfigurationList = C9CCDFAF25D1E6F3004EDF08 /* Build configuration list for PBXNativeTarget "CryptoTicker" */;
			buildPhases = (
				2C447BFE828FF15082C2248C /* [CP] Check Pods Manifest.lock */,
				C9CCDF8125D1E6F2004EDF08 /* Sources */,
				C9CCDF8225D1E6F2004EDF08 /* Frameworks */,
				C9CCDF8325D1E6F2004EDF08 /* Resources */,
				8E3E5F43332DB1D0E13D14BE /* [CP] Embed Pods Frameworks */,
			);
			buildRules = (
			);
			dependencies = (
			);
			name = CryptoTicker;
			productName = CryptoTicker;
			productReference = C9CCDF8525D1E6F2004EDF08 /* CryptoTicker.app */;
			productType = "com.apple.product-type.application";
		};
		C9CCDF9A25D1E6F3004EDF08 /* CryptoTickerTests */ = {
			isa = PBXNativeTarget;
			buildConfigurationList = C9CCDFB225D1E6F3004EDF08 /* Build configuration list for PBXNativeTarget "CryptoTickerTests" */;
			buildPhases = (
				E496CC38BB0E54F21A13A686 /* [CP] Check Pods Manifest.lock */,
				C9CCDF9725D1E6F3004EDF08 /* Sources */,
				C9CCDF9825D1E6F3004EDF08 /* Frameworks */,
				C9CCDF9925D1E6F3004EDF08 /* Resources */,
			);
			buildRules = (
			);
			dependencies = (
				C9CCDF9D25D1E6F3004EDF08 /* PBXTargetDependency */,
			);
			name = CryptoTickerTests;
			productName = CryptoTickerTests;
			productReference = C9CCDF9B25D1E6F3004EDF08 /* CryptoTickerTests.xctest */;
			productType = "com.apple.product-type.bundle.unit-test";
		};
		C9CCDFA525D1E6F3004EDF08 /* CryptoTickerUITests */ = {
			isa = PBXNativeTarget;
			buildConfigurationList = C9CCDFB525D1E6F3004EDF08 /* Build configuration list for PBXNativeTarget "CryptoTickerUITests" */;
			buildPhases = (
				AE944E30C4F2D998A861E7E0 /* [CP] Check Pods Manifest.lock */,
				C9CCDFA225D1E6F3004EDF08 /* Sources */,
				C9CCDFA325D1E6F3004EDF08 /* Frameworks */,
				C9CCDFA425D1E6F3004EDF08 /* Resources */,
				2EC00E5689C78C01E631A911 /* [CP] Embed Pods Frameworks */,
			);
			buildRules = (
			);
			dependencies = (
				C9CCDFA825D1E6F3004EDF08 /* PBXTargetDependency */,
			);
			name = CryptoTickerUITests;
			productName = CryptoTickerUITests;
			productReference = C9CCDFA625D1E6F3004EDF08 /* CryptoTickerUITests.xctest */;
			productType = "com.apple.product-type.bundle.ui-testing";
		};
/* End PBXNativeTarget section */

/* Begin PBXProject section */
		C9CCDF7D25D1E6F2004EDF08 /* Project object */ = {
			isa = PBXProject;
			attributes = {
				LastSwiftUpdateCheck = 1240;
				LastUpgradeCheck = 1240;
				TargetAttributes = {
					C9CCDF8425D1E6F2004EDF08 = {
						CreatedOnToolsVersion = 12.4;
					};
					C9CCDF9A25D1E6F3004EDF08 = {
						CreatedOnToolsVersion = 12.4;
						TestTargetID = C9CCDF8425D1E6F2004EDF08;
					};
					C9CCDFA525D1E6F3004EDF08 = {
						CreatedOnToolsVersion = 12.4;
						TestTargetID = C9CCDF8425D1E6F2004EDF08;
					};
				};
			};
			buildConfigurationList = C9CCDF8025D1E6F2004EDF08 /* Build configuration list for PBXProject "CryptoTicker" */;
			compatibilityVersion = "Xcode 9.3";
			developmentRegion = en;
			hasScannedForEncodings = 0;
			knownRegions = (
				en,
				Base,
			);
			mainGroup = C9CCDF7C25D1E6F2004EDF08;
			productRefGroup = C9CCDF8625D1E6F2004EDF08 /* Products */;
			projectDirPath = "";
			projectRoot = "";
			targets = (
				C9CCDF8425D1E6F2004EDF08 /* CryptoTicker */,
				C9CCDF9A25D1E6F3004EDF08 /* CryptoTickerTests */,
				C9CCDFA525D1E6F3004EDF08 /* CryptoTickerUITests */,
			);
		};
/* End PBXProject section */

/* Begin PBXResourcesBuildPhase section */
		C9CCDF8325D1E6F2004EDF08 /* Resources */ = {
			isa = PBXResourcesBuildPhase;
			buildActionMask = 2147483647;
			files = (
				C9CCDF9525D1E6F3004EDF08 /* LaunchScreen.storyboard in Resources */,
				C9CCDF9225D1E6F3004EDF08 /* Assets.xcassets in Resources */,
			);
			runOnlyForDeploymentPostprocessing = 0;
		};
		C9CCDF9925D1E6F3004EDF08 /* Resources */ = {
			isa = PBXResourcesBuildPhase;
			buildActionMask = 2147483647;
			files = (
			);
			runOnlyForDeploymentPostprocessing = 0;
		};
		C9CCDFA425D1E6F3004EDF08 /* Resources */ = {
			isa = PBXResourcesBuildPhase;
			buildActionMask = 2147483647;
			files = (
			);
			runOnlyForDeploymentPostprocessing = 0;
		};
/* End PBXResourcesBuildPhase section */

/* Begin PBXShellScriptBuildPhase section */
		2C447BFE828FF15082C2248C /* [CP] Check Pods Manifest.lock */ = {
			isa = PBXShellScriptBuildPhase;
			buildActionMask = 2147483647;
			files = (
			);
			inputFileListPaths = (
			);
			inputPaths = (
				"${PODS_PODFILE_DIR_PATH}/Podfile.lock",
				"${PODS_ROOT}/Manifest.lock",
			);
			name = "[CP] Check Pods Manifest.lock";
			outputFileListPaths = (
			);
			outputPaths = (
				"$(DERIVED_FILE_DIR)/Pods-CryptoTicker-checkManifestLockResult.txt",
			);
			runOnlyForDeploymentPostprocessing = 0;
			shellPath = /bin/sh;
			shellScript = "diff \"${PODS_PODFILE_DIR_PATH}/Podfile.lock\" \"${PODS_ROOT}/Manifest.lock\" > /dev/null\nif [ $? != 0 ] ; then\n    # print error to STDERR\n    echo \"error: The sandbox is not in sync with the Podfile.lock. Run 'pod install' or update your CocoaPods installation.\" >&2\n    exit 1\nfi\n# This output is used by Xcode 'outputs' to avoid re-running this script phase.\necho \"SUCCESS\" > \"${SCRIPT_OUTPUT_FILE_0}\"\n";
			showEnvVarsInLog = 0;
		};
		2EC00E5689C78C01E631A911 /* [CP] Embed Pods Frameworks */ = {
			isa = PBXShellScriptBuildPhase;
			buildActionMask = 2147483647;
			files = (
			);
			inputFileListPaths = (
				"${PODS_ROOT}/Target Support Files/Pods-CryptoTicker-CryptoTickerUITests/Pods-CryptoTicker-CryptoTickerUITests-frameworks-${CONFIGURATION}-input-files.xcfilelist",
			);
			name = "[CP] Embed Pods Frameworks";
			outputFileListPaths = (
				"${PODS_ROOT}/Target Support Files/Pods-CryptoTicker-CryptoTickerUITests/Pods-CryptoTicker-CryptoTickerUITests-frameworks-${CONFIGURATION}-output-files.xcfilelist",
			);
			runOnlyForDeploymentPostprocessing = 0;
			shellPath = /bin/sh;
			shellScript = "\"${PODS_ROOT}/Target Support Files/Pods-CryptoTicker-CryptoTickerUITests/Pods-CryptoTicker-CryptoTickerUITests-frameworks.sh\"\n";
			showEnvVarsInLog = 0;
		};
		8E3E5F43332DB1D0E13D14BE /* [CP] Embed Pods Frameworks */ = {
			isa = PBXShellScriptBuildPhase;
			buildActionMask = 2147483647;
			files = (
			);
			inputFileListPaths = (
				"${PODS_ROOT}/Target Support Files/Pods-CryptoTicker/Pods-CryptoTicker-frameworks-${CONFIGURATION}-input-files.xcfilelist",
			);
			name = "[CP] Embed Pods Frameworks";
			outputFileListPaths = (
				"${PODS_ROOT}/Target Support Files/Pods-CryptoTicker/Pods-CryptoTicker-frameworks-${CONFIGURATION}-output-files.xcfilelist",
			);
			runOnlyForDeploymentPostprocessing = 0;
			shellPath = /bin/sh;
			shellScript = "\"${PODS_ROOT}/Target Support Files/Pods-CryptoTicker/Pods-CryptoTicker-frameworks.sh\"\n";
			showEnvVarsInLog = 0;
		};
		AE944E30C4F2D998A861E7E0 /* [CP] Check Pods Manifest.lock */ = {
			isa = PBXShellScriptBuildPhase;
			buildActionMask = 2147483647;
			files = (
			);
			inputFileListPaths = (
			);
			inputPaths = (
				"${PODS_PODFILE_DIR_PATH}/Podfile.lock",
				"${PODS_ROOT}/Manifest.lock",
			);
			name = "[CP] Check Pods Manifest.lock";
			outputFileListPaths = (
			);
			outputPaths = (
				"$(DERIVED_FILE_DIR)/Pods-CryptoTicker-CryptoTickerUITests-checkManifestLockResult.txt",
			);
			runOnlyForDeploymentPostprocessing = 0;
			shellPath = /bin/sh;
			shellScript = "diff \"${PODS_PODFILE_DIR_PATH}/Podfile.lock\" \"${PODS_ROOT}/Manifest.lock\" > /dev/null\nif [ $? != 0 ] ; then\n    # print error to STDERR\n    echo \"error: The sandbox is not in sync with the Podfile.lock. Run 'pod install' or update your CocoaPods installation.\" >&2\n    exit 1\nfi\n# This output is used by Xcode 'outputs' to avoid re-running this script phase.\necho \"SUCCESS\" > \"${SCRIPT_OUTPUT_FILE_0}\"\n";
			showEnvVarsInLog = 0;
		};
		E496CC38BB0E54F21A13A686 /* [CP] Check Pods Manifest.lock */ = {
			isa = PBXShellScriptBuildPhase;
			buildActionMask = 2147483647;
			files = (
			);
			inputFileListPaths = (
			);
			inputPaths = (
				"${PODS_PODFILE_DIR_PATH}/Podfile.lock",
				"${PODS_ROOT}/Manifest.lock",
			);
			name = "[CP] Check Pods Manifest.lock";
			outputFileListPaths = (
			);
			outputPaths = (
				"$(DERIVED_FILE_DIR)/Pods-CryptoTickerTests-checkManifestLockResult.txt",
			);
			runOnlyForDeploymentPostprocessing = 0;
			shellPath = /bin/sh;
			shellScript = "diff \"${PODS_PODFILE_DIR_PATH}/Podfile.lock\" \"${PODS_ROOT}/Manifest.lock\" > /dev/null\nif [ $? != 0 ] ; then\n    # print error to STDERR\n    echo \"error: The sandbox is not in sync with the Podfile.lock. Run 'pod install' or update your CocoaPods installation.\" >&2\n    exit 1\nfi\n# This output is used by Xcode 'outputs' to avoid re-running this script phase.\necho \"SUCCESS\" > \"${SCRIPT_OUTPUT_FILE_0}\"\n";
			showEnvVarsInLog = 0;
		};
/* End PBXShellScriptBuildPhase section */

/* Begin PBXSourcesBuildPhase section */
		C9CCDF8125D1E6F2004EDF08 /* Sources */ = {
			isa = PBXSourcesBuildPhase;
			buildActionMask = 2147483647;
			files = (
				C903CE5C25D34A33000A8C5D /* CoinController.swift in Sources */,
				C91A2D3325D1EC190047B045 /* Coin.swift in Sources */,
				C903CE6425D34A41000A8C5D /* CoinViewModel.swift in Sources */,
				C9CCDF8925D1E6F2004EDF08 /* AppDelegate.swift in Sources */,
				C9CCDF8B25D1E6F2004EDF08 /* SceneDelegate.swift in Sources */,
				C91A2D2A25D1E8D20047B045 /* ListViewModel.swift in Sources */,
				C91A2D2225D1E8A30047B045 /* ListController.swift in Sources */,
			);
			runOnlyForDeploymentPostprocessing = 0;
		};
		C9CCDF9725D1E6F3004EDF08 /* Sources */ = {
			isa = PBXSourcesBuildPhase;
			buildActionMask = 2147483647;
			files = (
				C9CCDFA025D1E6F3004EDF08 /* CryptoTickerTests.swift in Sources */,
			);
			runOnlyForDeploymentPostprocessing = 0;
		};
		C9CCDFA225D1E6F3004EDF08 /* Sources */ = {
			isa = PBXSourcesBuildPhase;
			buildActionMask = 2147483647;
			files = (
				C9CCDFAB25D1E6F3004EDF08 /* CryptoTickerUITests.swift in Sources */,
			);
			runOnlyForDeploymentPostprocessing = 0;
		};
/* End PBXSourcesBuildPhase section */

/* Begin PBXTargetDependency section */
		C9CCDF9D25D1E6F3004EDF08 /* PBXTargetDependency */ = {
			isa = PBXTargetDependency;
			target = C9CCDF8425D1E6F2004EDF08 /* CryptoTicker */;
			targetProxy = C9CCDF9C25D1E6F3004EDF08 /* PBXContainerItemProxy */;
		};
		C9CCDFA825D1E6F3004EDF08 /* PBXTargetDependency */ = {
			isa = PBXTargetDependency;
			target = C9CCDF8425D1E6F2004EDF08 /* CryptoTicker */;
			targetProxy = C9CCDFA725D1E6F3004EDF08 /* PBXContainerItemProxy */;
		};
/* End PBXTargetDependency section */

/* Begin PBXVariantGroup section */
		C9CCDF9325D1E6F3004EDF08 /* LaunchScreen.storyboard */ = {
			isa = PBXVariantGroup;
			children = (
				C9CCDF9425D1E6F3004EDF08 /* Base */,
			);
			name = LaunchScreen.storyboard;
			sourceTree = "<group>";
		};
/* End PBXVariantGroup section */

/* Begin XCBuildConfiguration section */
		C9CCDFAD25D1E6F3004EDF08 /* Debug */ = {
			isa = XCBuildConfiguration;
			buildSettings = {
				ALWAYS_SEARCH_USER_PATHS = NO;
				CLANG_ANALYZER_NONNULL = YES;
				CLANG_ANALYZER_NUMBER_OBJECT_CONVERSION = YES_AGGRESSIVE;
				CLANG_CXX_LANGUAGE_STANDARD = "gnu++14";
				CLANG_CXX_LIBRARY = "libc++";
				CLANG_ENABLE_MODULES = YES;
				CLANG_ENABLE_OBJC_ARC = YES;
				CLANG_ENABLE_OBJC_WEAK = YES;
				CLANG_WARN_BLOCK_CAPTURE_AUTORELEASING = YES;
				CLANG_WARN_BOOL_CONVERSION = YES;
				CLANG_WARN_COMMA = YES;
				CLANG_WARN_CONSTANT_CONVERSION = YES;
				CLANG_WARN_DEPRECATED_OBJC_IMPLEMENTATIONS = YES;
				CLANG_WARN_DIRECT_OBJC_ISA_USAGE = YES_ERROR;
				CLANG_WARN_DOCUMENTATION_COMMENTS = YES;
				CLANG_WARN_EMPTY_BODY = YES;
				CLANG_WARN_ENUM_CONVERSION = YES;
				CLANG_WARN_INFINITE_RECURSION = YES;
				CLANG_WARN_INT_CONVERSION = YES;
				CLANG_WARN_NON_LITERAL_NULL_CONVERSION = YES;
				CLANG_WARN_OBJC_IMPLICIT_RETAIN_SELF = YES;
				CLANG_WARN_OBJC_LITERAL_CONVERSION = YES;
				CLANG_WARN_OBJC_ROOT_CLASS = YES_ERROR;
				CLANG_WARN_QUOTED_INCLUDE_IN_FRAMEWORK_HEADER = YES;
				CLANG_WARN_RANGE_LOOP_ANALYSIS = YES;
				CLANG_WARN_STRICT_PROTOTYPES = YES;
				CLANG_WARN_SUSPICIOUS_MOVE = YES;
				CLANG_WARN_UNGUARDED_AVAILABILITY = YES_AGGRESSIVE;
				CLANG_WARN_UNREACHABLE_CODE = YES;
				CLANG_WARN__DUPLICATE_METHOD_MATCH = YES;
				COPY_PHASE_STRIP = NO;
				DEBUG_INFORMATION_FORMAT = dwarf;
				ENABLE_STRICT_OBJC_MSGSEND = YES;
				ENABLE_TESTABILITY = YES;
				GCC_C_LANGUAGE_STANDARD = gnu11;
				GCC_DYNAMIC_NO_PIC = NO;
				GCC_NO_COMMON_BLOCKS = YES;
				GCC_OPTIMIZATION_LEVEL = 0;
				GCC_PREPROCESSOR_DEFINITIONS = (
					"DEBUG=1",
					"$(inherited)",
				);
				GCC_WARN_64_TO_32_BIT_CONVERSION = YES;
				GCC_WARN_ABOUT_RETURN_TYPE = YES_ERROR;
				GCC_WARN_UNDECLARED_SELECTOR = YES;
				GCC_WARN_UNINITIALIZED_AUTOS = YES_AGGRESSIVE;
				GCC_WARN_UNUSED_FUNCTION = YES;
				GCC_WARN_UNUSED_VARIABLE = YES;
				IPHONEOS_DEPLOYMENT_TARGET = 14.4;
				MTL_ENABLE_DEBUG_INFO = INCLUDE_SOURCE;
				MTL_FAST_MATH = YES;
				ONLY_ACTIVE_ARCH = YES;
				SDKROOT = iphoneos;
				SWIFT_ACTIVE_COMPILATION_CONDITIONS = DEBUG;
				SWIFT_OPTIMIZATION_LEVEL = "-Onone";
			};
			name = Debug;
		};
		C9CCDFAE25D1E6F3004EDF08 /* Release */ = {
			isa = XCBuildConfiguration;
			buildSettings = {
				ALWAYS_SEARCH_USER_PATHS = NO;
				CLANG_ANALYZER_NONNULL = YES;
				CLANG_ANALYZER_NUMBER_OBJECT_CONVERSION = YES_AGGRESSIVE;
				CLANG_CXX_LANGUAGE_STANDARD = "gnu++14";
				CLANG_CXX_LIBRARY = "libc++";
				CLANG_ENABLE_MODULES = YES;
				CLANG_ENABLE_OBJC_ARC = YES;
				CLANG_ENABLE_OBJC_WEAK = YES;
				CLANG_WARN_BLOCK_CAPTURE_AUTORELEASING = YES;
				CLANG_WARN_BOOL_CONVERSION = YES;
				CLANG_WARN_COMMA = YES;
				CLANG_WARN_CONSTANT_CONVERSION = YES;
				CLANG_WARN_DEPRECATED_OBJC_IMPLEMENTATIONS = YES;
				CLANG_WARN_DIRECT_OBJC_ISA_USAGE = YES_ERROR;
				CLANG_WARN_DOCUMENTATION_COMMENTS = YES;
				CLANG_WARN_EMPTY_BODY = YES;
				CLANG_WARN_ENUM_CONVERSION = YES;
				CLANG_WARN_INFINITE_RECURSION = YES;
				CLANG_WARN_INT_CONVERSION = YES;
				CLANG_WARN_NON_LITERAL_NULL_CONVERSION = YES;
				CLANG_WARN_OBJC_IMPLICIT_RETAIN_SELF = YES;
				CLANG_WARN_OBJC_LITERAL_CONVERSION = YES;
				CLANG_WARN_OBJC_ROOT_CLASS = YES_ERROR;
				CLANG_WARN_QUOTED_INCLUDE_IN_FRAMEWORK_HEADER = YES;
				CLANG_WARN_RANGE_LOOP_ANALYSIS = YES;
				CLANG_WARN_STRICT_PROTOTYPES = YES;
				CLANG_WARN_SUSPICIOUS_MOVE = YES;
				CLANG_WARN_UNGUARDED_AVAILABILITY = YES_AGGRESSIVE;
				CLANG_WARN_UNREACHABLE_CODE = YES;
				CLANG_WARN__DUPLICATE_METHOD_MATCH = YES;
				COPY_PHASE_STRIP = NO;
				DEBUG_INFORMATION_FORMAT = "dwarf-with-dsym";
				ENABLE_NS_ASSERTIONS = NO;
				ENABLE_STRICT_OBJC_MSGSEND = YES;
				GCC_C_LANGUAGE_STANDARD = gnu11;
				GCC_NO_COMMON_BLOCKS = YES;
				GCC_WARN_64_TO_32_BIT_CONVERSION = YES;
				GCC_WARN_ABOUT_RETURN_TYPE = YES_ERROR;
				GCC_WARN_UNDECLARED_SELECTOR = YES;
				GCC_WARN_UNINITIALIZED_AUTOS = YES_AGGRESSIVE;
				GCC_WARN_UNUSED_FUNCTION = YES;
				GCC_WARN_UNUSED_VARIABLE = YES;
				IPHONEOS_DEPLOYMENT_TARGET = 14.4;
				MTL_ENABLE_DEBUG_INFO = NO;
				MTL_FAST_MATH = YES;
				SDKROOT = iphoneos;
				SWIFT_COMPILATION_MODE = wholemodule;
				SWIFT_OPTIMIZATION_LEVEL = "-O";
				VALIDATE_PRODUCT = YES;
			};
			name = Release;
		};
		C9CCDFB025D1E6F3004EDF08 /* Debug */ = {
			isa = XCBuildConfiguration;
			baseConfigurationReference = 5A8D15284520BDB94205D1DC /* Pods-CryptoTicker.debug.xcconfig */;
			buildSettings = {
				ASSETCATALOG_COMPILER_APPICON_NAME = AppIcon;
				ASSETCATALOG_COMPILER_GLOBAL_ACCENT_COLOR_NAME = AccentColor;
				CODE_SIGN_STYLE = Automatic;
				DEVELOPMENT_TEAM = WL6ERJVJSX;
				INFOPLIST_FILE = CryptoTicker/Supports/Info.plist;
				IPHONEOS_DEPLOYMENT_TARGET = 13.0;
				LD_RUNPATH_SEARCH_PATHS = (
					"$(inherited)",
					"@executable_path/Frameworks",
				);
				PRODUCT_BUNDLE_IDENTIFIER = com.demirciy.CryptoTicker;
				PRODUCT_NAME = "$(TARGET_NAME)";
				SWIFT_VERSION = 5.0;
				TARGETED_DEVICE_FAMILY = 1;
			};
			name = Debug;
		};
		C9CCDFB125D1E6F3004EDF08 /* Release */ = {
			isa = XCBuildConfiguration;
			baseConfigurationReference = BA6EA529B7227B6CCB7D285B /* Pods-CryptoTicker.release.xcconfig */;
			buildSettings = {
				ASSETCATALOG_COMPILER_APPICON_NAME = AppIcon;
				ASSETCATALOG_COMPILER_GLOBAL_ACCENT_COLOR_NAME = AccentColor;
				CODE_SIGN_STYLE = Automatic;
				DEVELOPMENT_TEAM = WL6ERJVJSX;
				INFOPLIST_FILE = CryptoTicker/Supports/Info.plist;
				IPHONEOS_DEPLOYMENT_TARGET = 13.0;
				LD_RUNPATH_SEARCH_PATHS = (
					"$(inherited)",
					"@executable_path/Frameworks",
				);
				PRODUCT_BUNDLE_IDENTIFIER = com.demirciy.CryptoTicker;
				PRODUCT_NAME = "$(TARGET_NAME)";
				SWIFT_VERSION = 5.0;
				TARGETED_DEVICE_FAMILY = 1;
			};
			name = Release;
		};
		C9CCDFB325D1E6F3004EDF08 /* Debug */ = {
			isa = XCBuildConfiguration;
			baseConfigurationReference = CEB43E73702805689B79A269 /* Pods-CryptoTickerTests.debug.xcconfig */;
			buildSettings = {
				ALWAYS_EMBED_SWIFT_STANDARD_LIBRARIES = YES;
				BUNDLE_LOADER = "$(TEST_HOST)";
				CODE_SIGN_STYLE = Automatic;
				DEVELOPMENT_TEAM = WL6ERJVJSX;
				INFOPLIST_FILE = CryptoTickerTests/Info.plist;
				IPHONEOS_DEPLOYMENT_TARGET = 14.4;
				LD_RUNPATH_SEARCH_PATHS = (
					"$(inherited)",
					"@executable_path/Frameworks",
					"@loader_path/Frameworks",
				);
				PRODUCT_BUNDLE_IDENTIFIER = com.demirciy.CryptoTickerTests;
				PRODUCT_NAME = "$(TARGET_NAME)";
				SWIFT_VERSION = 5.0;
				TARGETED_DEVICE_FAMILY = "1,2";
				TEST_HOST = "$(BUILT_PRODUCTS_DIR)/CryptoTicker.app/CryptoTicker";
			};
			name = Debug;
		};
		C9CCDFB425D1E6F3004EDF08 /* Release */ = {
			isa = XCBuildConfiguration;
			baseConfigurationReference = D4061E8F1FF3B6E9CFB9C048 /* Pods-CryptoTickerTests.release.xcconfig */;
			buildSettings = {
				ALWAYS_EMBED_SWIFT_STANDARD_LIBRARIES = YES;
				BUNDLE_LOADER = "$(TEST_HOST)";
				CODE_SIGN_STYLE = Automatic;
				DEVELOPMENT_TEAM = WL6ERJVJSX;
				INFOPLIST_FILE = CryptoTickerTests/Info.plist;
				IPHONEOS_DEPLOYMENT_TARGET = 14.4;
				LD_RUNPATH_SEARCH_PATHS = (
					"$(inherited)",
					"@executable_path/Frameworks",
					"@loader_path/Frameworks",
				);
				PRODUCT_BUNDLE_IDENTIFIER = com.demirciy.CryptoTickerTests;
				PRODUCT_NAME = "$(TARGET_NAME)";
				SWIFT_VERSION = 5.0;
				TARGETED_DEVICE_FAMILY = "1,2";
				TEST_HOST = "$(BUILT_PRODUCTS_DIR)/CryptoTicker.app/CryptoTicker";
			};
			name = Release;
		};
		C9CCDFB625D1E6F3004EDF08 /* Debug */ = {
			isa = XCBuildConfiguration;
			baseConfigurationReference = 4E3CF3411E9CC3CACC8DF2CC /* Pods-CryptoTicker-CryptoTickerUITests.debug.xcconfig */;
			buildSettings = {
				ALWAYS_EMBED_SWIFT_STANDARD_LIBRARIES = YES;
				CODE_SIGN_STYLE = Automatic;
				DEVELOPMENT_TEAM = WL6ERJVJSX;
				INFOPLIST_FILE = CryptoTickerUITests/Info.plist;
				LD_RUNPATH_SEARCH_PATHS = (
					"$(inherited)",
					"@executable_path/Frameworks",
					"@loader_path/Frameworks",
				);
				PRODUCT_BUNDLE_IDENTIFIER = com.demirciy.CryptoTickerUITests;
				PRODUCT_NAME = "$(TARGET_NAME)";
				SWIFT_VERSION = 5.0;
				TARGETED_DEVICE_FAMILY = "1,2";
				TEST_TARGET_NAME = CryptoTicker;
			};
			name = Debug;
		};
		C9CCDFB725D1E6F3004EDF08 /* Release */ = {
			isa = XCBuildConfiguration;
			baseConfigurationReference = 5C6716EA15EB0561EFA179D7 /* Pods-CryptoTicker-CryptoTickerUITests.release.xcconfig */;
			buildSettings = {
				ALWAYS_EMBED_SWIFT_STANDARD_LIBRARIES = YES;
				CODE_SIGN_STYLE = Automatic;
				DEVELOPMENT_TEAM = WL6ERJVJSX;
				INFOPLIST_FILE = CryptoTickerUITests/Info.plist;
				LD_RUNPATH_SEARCH_PATHS = (
					"$(inherited)",
					"@executable_path/Frameworks",
					"@loader_path/Frameworks",
				);
				PRODUCT_BUNDLE_IDENTIFIER = com.demirciy.CryptoTickerUITests;
				PRODUCT_NAME = "$(TARGET_NAME)";
				SWIFT_VERSION = 5.0;
				TARGETED_DEVICE_FAMILY = "1,2";
				TEST_TARGET_NAME = CryptoTicker;
			};
			name = Release;
		};
/* End XCBuildConfiguration section */

/* Begin XCConfigurationList section */
		C9CCDF8025D1E6F2004EDF08 /* Build configuration list for PBXProject "CryptoTicker" */ = {
			isa = XCConfigurationList;
			buildConfigurations = (
				C9CCDFAD25D1E6F3004EDF08 /* Debug */,
				C9CCDFAE25D1E6F3004EDF08 /* Release */,
			);
			defaultConfigurationIsVisible = 0;
			defaultConfigurationName = Release;
		};
		C9CCDFAF25D1E6F3004EDF08 /* Build configuration list for PBXNativeTarget "CryptoTicker" */ = {
			isa = XCConfigurationList;
			buildConfigurations = (
				C9CCDFB025D1E6F3004EDF08 /* Debug */,
				C9CCDFB125D1E6F3004EDF08 /* Release */,
			);
			defaultConfigurationIsVisible = 0;
			defaultConfigurationName = Release;
		};
		C9CCDFB225D1E6F3004EDF08 /* Build configuration list for PBXNativeTarget "CryptoTickerTests" */ = {
			isa = XCConfigurationList;
			buildConfigurations = (
				C9CCDFB325D1E6F3004EDF08 /* Debug */,
				C9CCDFB425D1E6F3004EDF08 /* Release */,
			);
			defaultConfigurationIsVisible = 0;
			defaultConfigurationName = Release;
		};
		C9CCDFB525D1E6F3004EDF08 /* Build configuration list for PBXNativeTarget "CryptoTickerUITests" */ = {
			isa = XCConfigurationList;
			buildConfigurations = (
				C9CCDFB625D1E6F3004EDF08 /* Debug */,
				C9CCDFB725D1E6F3004EDF08 /* Release */,
			);
			defaultConfigurationIsVisible = 0;
			defaultConfigurationName = Release;
		};
/* End XCConfigurationList section */
	};
	rootObject = C9CCDF7D25D1E6F2004EDF08 /* Project object */;
}
